{
  "version": 4,
  "terraform_version": "1.14.7",
  "serial": 6,
  "lineage": "85739d58-39fd-dbc4-a1b5-997620612a5a",
  "outputs": {},
  "resources": [
    {
      "mode": "managed",
      "type": "azurerm_container_registry",
      "name": "acr",
      "provider": "provider[\"registry.terraform.io/hashicorp/azurerm\"]",
      "instances": [
        {
          "schema_version": 2,
          "attributes": {
            "admin_enabled": true,
            "admin_password": "Dgzx7wYK2jtEF6FpH8qXBHVfe4J4b0pXrsHqzmiK9nlXaNN9R7JqJQQJ99CCAC1i4TkEqg7NAAACAZCRne2c",
            "admin_username": "simpleNumberacr",
            "anonymous_pull_enabled": false,
            "data_endpoint_enabled": false,
            "encryption": [
              {
                "enabled": false,
                "identity_client_id": "",
                "key_vault_key_id": ""
              }
            ],
            "export_policy_enabled": true,
            "georeplications": [],
            "id": "/subscriptions/a2cbe009-4a37-4295-b570-5e632b838de1/resourceGroups/simpleNumber-rg/providers/Microsoft.ContainerRegistry/registries/simpleNumberacr",
            "identity": [],
            "location": "centralus",
            "login_server": "simplenumberacr.azurecr.io",
            "name": "simpleNumberacr",
            "network_rule_bypass_option": "AzureServices",
            "network_rule_set": [],
            "public_network_access_enabled": true,
            "quarantine_policy_enabled": false,
            "resource_group_name": "simpleNumber-rg",
            "retention_policy": [
              {
                "days": 7,
                "enabled": false
              }
            ],
            "sku": "Basic",
            "tags": null,
            "timeouts": null,
            "trust_policy": [
              {
                "enabled": false
              }
            ],
            "zone_redundancy_enabled": false
          },
          "sensitive_attributes": [
            [
              {
                "type": "get_attr",
                "value": "admin_password"
              }
            ]
          ],
          "identity_schema_version": 0,
          "private": "eyJlMmJmYjczMC1lY2FhLTExZTYtOGY4OC0zNDM2M2JjN2M0YzAiOnsiY3JlYXRlIjoxODAwMDAwMDAwMDAwLCJkZWxldGUiOjE4MDAwMDAwMDAwMDAsInJlYWQiOjMwMDAwMDAwMDAwMCwidXBkYXRlIjoxODAwMDAwMDAwMDAwfSwic2NoZW1hX3ZlcnNpb24iOiIyIn0=",
          "dependencies": [
            "azurerm_resource_group.rg"
          ]
        }
      ]
    },
    {
      "mode": "managed",
      "type": "azurerm_linux_web_app",
      "name": "app",
      "provider": "provider[\"registry.terraform.io/hashicorp/azurerm\"]",
      "instances": [
        {
          "schema_version": 0,
          "attributes": {
            "app_settings": {
              "DOCKER_REGISTERY_SERVER_URL": "simplenumberacr.azurecr.io",
              "WEBSITES_PORT": "8080"
            },
            "auth_settings": [
              {
                "active_directory": [],
                "additional_login_parameters": {},
                "allowed_external_redirect_urls": [],
                "default_provider": "",
                "enabled": false,
                "facebook": [],
                "github": [],
                "google": [],
                "issuer": "",
                "microsoft": [],
                "runtime_version": "",
                "token_refresh_extension_hours": 0,
                "token_store_enabled": false,
                "twitter": [],
                "unauthenticated_client_action": ""
              }
            ],
            "backup": [],
            "client_affinity_enabled": false,
            "client_certificate_enabled": false,
            "client_certificate_mode": "Required",
            "connection_string": [],
            "custom_domain_verification_id": "F5DAB8AEA75F7A467CBDF69C4149D1B178F8C332865E8259F69F68B5DB473B2B",
            "default_hostname": "simplenumber-app.azurewebsites.net",
            "enabled": true,
            "https_only": false,
            "id": "/subscriptions/a2cbe009-4a37-4295-b570-5e632b838de1/resourceGroups/simpleNumber-rg/providers/Microsoft.Web/sites/simpleNumber-app",
            "identity": [],
            "key_vault_reference_identity_id": "SystemAssigned",
            "kind": "app,linux,container",
            "location": "centralus",
            "logs": [],
            "name": "simpleNumber-app",
            "outbound_ip_address_list": [
              "104.43.201.250",
              "104.208.37.158",
              "104.208.34.190",
              "104.208.36.42",
              "13.89.172.3"
            ],
            "outbound_ip_addresses": "104.43.201.250,104.208.37.158,104.208.34.190,104.208.36.42,13.89.172.3",
            "possible_outbound_ip_address_list": [
              "104.43.201.250",
              "104.208.37.158",
              "104.208.34.190",
              "104.208.36.42",
              "104.208.36.234",
              "104.43.202.37",
              "104.208.35.64",
              "104.43.196.83",
              "104.43.201.174",
              "20.83.2.253",
              "20.83.3.146",
              "20.83.3.184",
              "20.83.3.189",
              "20.83.3.230",
              "20.83.4.4",
              "20.83.5.2",
              "20.83.5.28",
              "20.83.5.66",
              "20.83.5.146",
              "20.83.5.181",
              "20.83.5.216",
              "13.89.172.3"
            ],
            "possible_outbound_ip_addresses": "104.43.201.250,104.208.37.158,104.208.34.190,104.208.36.42,104.208.36.234,104.43.202.37,104.208.35.64,104.43.196.83,104.43.201.174,20.83.2.253,20.83.3.146,20.83.3.184,20.83.3.189,20.83.3.230,20.83.4.4,20.83.5.2,20.83.5.28,20.83.5.66,20.83.5.146,20.83.5.181,20.83.5.216,13.89.172.3",
            "resource_group_name": "simpleNumber-rg",
            "service_plan_id": "/subscriptions/a2cbe009-4a37-4295-b570-5e632b838de1/resourceGroups/simpleNumber-rg/providers/Microsoft.Web/serverfarms/simpleNumber-plan",
            "site_config": [
              {
                "always_on": true,
                "api_definition_url": "",
                "api_management_api_id": "",
                "app_command_line": "",
                "application_stack": [
                  {
                    "docker_image": "",
                    "docker_image_tag": "",
                    "dotnet_version": "",
                    "java_server": "",
                    "java_server_version": "",
                    "java_version": "",
                    "node_version": "",
                    "php_version": "",
                    "python_version": "",
                    "ruby_version": ""
                  }
                ],
                "auto_heal_enabled": false,
                "auto_heal_setting": [],
                "container_registry_managed_identity_client_id": "",
                "container_registry_use_managed_identity": false,
                "cors": [],
                "default_documents": [
                  "Default.htm",
                  "Default.html",
                  "Default.asp",
                  "index.htm",
                  "index.html",
                  "iisstart.htm",
                  "default.aspx",
                  "index.php",
                  "hostingstart.html"
                ],
                "detailed_error_logging_enabled": false,
                "ftps_state": "Disabled",
                "health_check_eviction_time_in_min": 0,
                "health_check_path": "",
                "http2_enabled": false,
                "ip_restriction": [],
                "linux_fx_version": "DOCKER|simpleNumber:latest:latest",
                "load_balancing_mode": "LeastRequests",
                "local_mysql_enabled": false,
                "managed_pipeline_mode": "Integrated",
                "minimum_tls_version": "1.2",
                "remote_debugging_enabled": false,
                "remote_debugging_version": "VS2022",
                "scm_ip_restriction": [],
                "scm_minimum_tls_version": "1.2",
                "scm_type": "None",
                "scm_use_main_ip_restriction": false,
                "use_32_bit_worker": true,
                "vnet_route_all_enabled": false,
                "websockets_enabled": false,
                "worker_count": 1
              }
            ],
            "site_credential": [
              {
                "name": "$simpleNumber-app",
                "password": "bNYTQzl7pycubgw1SwY3ytXajuxCHv2wxRfMC7604PJrW0vdgtp69CBZjB3p"
              }
            ],
            "storage_account": [],
            "tags": null,
            "timeouts": null
          },
          "sensitive_attributes": [
            [
              {
                "type": "get_attr",
                "value": "custom_domain_verification_id"
              }
            ]
          ],
          "identity_schema_version": 0,
          "private": "eyJlMmJmYjczMC1lY2FhLTExZTYtOGY4OC0zNDM2M2JjN2M0YzAiOnsiY3JlYXRlIjoxODAwMDAwMDAwMDAwLCJkZWxldGUiOjE4MDAwMDAwMDAwMDAsInJlYWQiOjMwMDAwMDAwMDAwMCwidXBkYXRlIjoxODAwMDAwMDAwMDAwfX0=",
          "dependencies": [
            "azurerm_container_registry.acr",
            "azurerm_resource_group.rg",
            "azurerm_service_plan.plan"
          ]
        }
      ]
    },
    {
      "mode": "managed",
      "type": "azurerm_resource_group",
      "name": "rg",
      "provider": "provider[\"registry.terraform.io/hashicorp/azurerm\"]",
      "instances": [
        {
          "schema_version": 0,
          "attributes": {
            "id": "/subscriptions/a2cbe009-4a37-4295-b570-5e632b838de1/resourceGroups/simpleNumber-rg",
            "location": "centralus",
            "name": "simpleNumber-rg",
            "tags": null,
            "timeouts": null
          },
          "sensitive_attributes": [],
          "identity_schema_version": 0,
          "private": "eyJlMmJmYjczMC1lY2FhLTExZTYtOGY4OC0zNDM2M2JjN2M0YzAiOnsiY3JlYXRlIjo1NDAwMDAwMDAwMDAwLCJkZWxldGUiOjU0MDAwMDAwMDAwMDAsInJlYWQiOjMwMDAwMDAwMDAwMCwidXBkYXRlIjo1NDAwMDAwMDAwMDAwfX0="
        }
      ]
    },
    {
      "mode": "managed",
      "type": "azurerm_service_plan",
      "name": "plan",
      "provider": "provider[\"registry.terraform.io/hashicorp/azurerm\"]",
      "instances": [
        {
          "schema_version": 0,
          "attributes": {
            "app_service_environment_id": "",
            "id": "/subscriptions/a2cbe009-4a37-4295-b570-5e632b838de1/resourceGroups/simpleNumber-rg/providers/Microsoft.Web/serverfarms/simpleNumber-plan",
            "kind": "linux",
            "location": "centralus",
            "maximum_elastic_worker_count": 1,
            "name": "simpleNumber-plan",
            "os_type": "Linux",
            "per_site_scaling_enabled": false,
            "reserved": true,
            "resource_group_name": "simpleNumber-rg",
            "sku_name": "B1",
            "tags": null,
            "timeouts": null,
            "worker_count": 1,
            "zone_balancing_enabled": false
          },
          "sensitive_attributes": [],
          "identity_schema_version": 0,
          "private": "eyJlMmJmYjczMC1lY2FhLTExZTYtOGY4OC0zNDM2M2JjN2M0YzAiOnsiY3JlYXRlIjozNjAwMDAwMDAwMDAwLCJkZWxldGUiOjM2MDAwMDAwMDAwMDAsInJlYWQiOjMwMDAwMDAwMDAwMCwidXBkYXRlIjozNjAwMDAwMDAwMDAwfX0=",
          "dependencies": [
            "azurerm_resource_group.rg"
          ]
        }
      ]
    }
  ],
  "check_results": null
}
